// !$*UTF8*$!
{
	archiveVersion = 1;
	classes = {
	};
	objectVersion = 46;
	objects = {

/* Begin PBXBuildFile section */
		1F381DA917E4084400427799 /* KSSlideController.m in Sources */ = {isa = PBXBuildFile; fileRef = 1F381DA817E4084400427799 /* KSSlideController.m */; };
		1F381DAD17E40F0000427799 /* KSViewShadow.m in Sources */ = {isa = PBXBuildFile; fileRef = 1F381DAC17E40F0000427799 /* KSViewShadow.m */; };
		1F381DAF17E412E800427799 /* QuartzCore.framework in Frameworks */ = {isa = PBXBuildFile; fileRef = 1F381DAE17E412E800427799 /* QuartzCore.framework */; };
		1F381DB117E412EC00427799 /* Accelerate.framework in Frameworks */ = {isa = PBXBuildFile; fileRef = 1F381DB017E412EC00427799 /* Accelerate.framework */; };
		1F381DBB17E4168500427799 /* KSImageAdditions.m in Sources */ = {isa = PBXBuildFile; fileRef = 1F381DBA17E4168500427799 /* KSImageAdditions.m */; };
		1F381DBF17E41D7800427799 /* KSInactiveImageView.m in Sources */ = {isa = PBXBuildFile; fileRef = 1F381DBE17E41D7800427799 /* KSInactiveImageView.m */; };
		1F381DC417E4448B00427799 /* SideMenuViewController.m in Sources */ = {isa = PBXBuildFile; fileRef = 1F381DC117E4435C00427799 /* SideMenuViewController.m */; };
		1F381DCE17E445E900427799 /* back-arrow.png in Resources */ = {isa = PBXBuildFile; fileRef = 1F381DC917E445E900427799 /* back-arrow.png */; };
		1F381DCF17E445E900427799 /* back-arrow@2x.png in Resources */ = {isa = PBXBuildFile; fileRef = 1F381DCA17E445E900427799 /* back-arrow@2x.png */; };
		1F381DD017E445E900427799 /* Default-568h@2x.png in Resources */ = {isa = PBXBuildFile; fileRef = 1F381DCB17E445E900427799 /* Default-568h@2x.png */; };
		1F381DD117E445E900427799 /* menu-icon.png in Resources */ = {isa = PBXBuildFile; fileRef = 1F381DCC17E445E900427799 /* menu-icon.png */; };
		1F381DD217E445E900427799 /* menu-icon@2x.png in Resources */ = {isa = PBXBuildFile; fileRef = 1F381DCD17E445E900427799 /* menu-icon@2x.png */; };
		1F381DD617E60ADA00427799 /* DemoSlideViewController.m in Sources */ = {isa = PBXBuildFile; fileRef = 1F381DD417E60AD900427799 /* DemoSlideViewController.m */; };
		1F381DD717E60ADA00427799 /* DemoSlideViewController.xib in Resources */ = {isa = PBXBuildFile; fileRef = 1F381DD517E60AD900427799 /* DemoSlideViewController.xib */; };
		1F96830117E4046A00C5EAB9 /* UIKit.framework in Frameworks */ = {isa = PBXBuildFile; fileRef = 1F96830017E4046A00C5EAB9 /* UIKit.framework */; };
		1F96830317E4046A00C5EAB9 /* Foundation.framework in Frameworks */ = {isa = PBXBuildFile; fileRef = 1F96830217E4046A00C5EAB9 /* Foundation.framework */; };
		1F96830517E4046A00C5EAB9 /* CoreGraphics.framework in Frameworks */ = {isa = PBXBuildFile; fileRef = 1F96830417E4046A00C5EAB9 /* CoreGraphics.framework */; };
		1F96830B17E4046A00C5EAB9 /* InfoPlist.strings in Resources */ = {isa = PBXBuildFile; fileRef = 1F96830917E4046A00C5EAB9 /* InfoPlist.strings */; };
		1F96830D17E4046A00C5EAB9 /* main.m in Sources */ = {isa = PBXBuildFile; fileRef = 1F96830C17E4046A00C5EAB9 /* main.m */; };
		1F96831117E4046A00C5EAB9 /* KSAppDelegate.m in Sources */ = {isa = PBXBuildFile; fileRef = 1F96831017E4046A00C5EAB9 /* KSAppDelegate.m */; };
/* End PBXBuildFile section */

/* Begin PBXFileReference section */
		1F381DA717E4084400427799 /* KSSlideController.h */ = {isa = PBXFileReference; fileEncoding = 4; lastKnownFileType = sourcecode.c.h; name = KSSlideController.h; path = ../KSSlideController/KSSlideController.h; sourceTree = "<group>"; };
		1F381DA817E4084400427799 /* KSSlideController.m */ = {isa = PBXFileReference; fileEncoding = 4; lastKnownFileType = sourcecode.c.objc; name = KSSlideController.m; path = ../KSSlideController/KSSlideController.m; sourceTree = "<group>"; };
		1F381DAB17E40F0000427799 /* KSViewShadow.h */ = {isa = PBXFileReference; fileEncoding = 4; lastKnownFileType = sourcecode.c.h; name = KSViewShadow.h; path = ../KSShadow/KSViewShadow.h; sourceTree = "<group>"; };
		1F381DAC17E40F0000427799 /* KSViewShadow.m */ = {isa = PBXFileReference; fileEncoding = 4; lastKnownFileType = sourcecode.c.objc; name = KSViewShadow.m; path = ../KSShadow/KSViewShadow.m; sourceTree = "<group>"; };
		1F381DAE17E412E800427799 /* QuartzCore.framework */ = {isa = PBXFileReference; lastKnownFileType = wrapper.framework; name = QuartzCore.framework; path = System/Library/Frameworks/QuartzCore.framework; sourceTree = SDKROOT; };
		1F381DB017E412EC00427799 /* Accelerate.framework */ = {isa = PBXFileReference; lastKnownFileType = wrapper.framework; name = Accelerate.framework; path = System/Library/Frameworks/Accelerate.framework; sourceTree = SDKROOT; };
		1F381DB917E4168500427799 /* KSImageAdditions.h */ = {isa = PBXFileReference; fileEncoding = 4; lastKnownFileType = sourcecode.c.h; name = KSImageAdditions.h; path = ../KSImageAdditions/KSImageAdditions.h; sourceTree = "<group>"; };
		1F381DBA17E4168500427799 /* KSImageAdditions.m */ = {isa = PBXFileReference; fileEncoding = 4; lastKnownFileType = sourcecode.c.objc; name = KSImageAdditions.m; path = ../KSImageAdditions/KSImageAdditions.m; sourceTree = "<group>"; };
		1F381DBD17E41D7800427799 /* KSInactiveImageView.h */ = {isa = PBXFileReference; fileEncoding = 4; lastKnownFileType = sourcecode.c.h; name = KSInactiveImageView.h; path = ../KSInactiveImageView/KSInactiveImageView.h; sourceTree = "<group>"; };
		1F381DBE17E41D7800427799 /* KSInactiveImageView.m */ = {isa = PBXFileReference; fileEncoding = 4; lastKnownFileType = sourcecode.c.objc; name = KSInactiveImageView.m; path = ../KSInactiveImageView/KSInactiveImageView.m; sourceTree = "<group>"; };
		1F381DC017E4435C00427799 /* SideMenuViewController.h */ = {isa = PBXFileReference; lastKnownFileType = sourcecode.c.h; path = SideMenuViewController.h; sourceTree = "<group>"; };
		1F381DC117E4435C00427799 /* SideMenuViewController.m */ = {isa = PBXFileReference; lastKnownFileType = sourcecode.c.objc; path = SideMenuViewController.m; sourceTree = "<group>"; };
		1F381DC917E445E900427799 /* back-arrow.png */ = {isa = PBXFileReference; lastKnownFileType = image.png; path = "back-arrow.png"; sourceTree = "<group>"; };
		1F381DCA17E445E900427799 /* back-arrow@2x.png */ = {isa = PBXFileReference; lastKnownFileType = image.png; path = "back-arrow@2x.png"; sourceTree = "<group>"; };
		1F381DCB17E445E900427799 /* Default-568h@2x.png */ = {isa = PBXFileReference; lastKnownFileType = image.png; path = "Default-568h@2x.png"; sourceTree = "<group>"; };
		1F381DCC17E445E900427799 /* menu-icon.png */ = {isa = PBXFileReference; lastKnownFileType = image.png; path = "menu-icon.png"; sourceTree = "<group>"; };
		1F381DCD17E445E900427799 /* menu-icon@2x.png */ = {isa = PBXFileReference; lastKnownFileType = image.png; path = "menu-icon@2x.png"; sourceTree = "<group>"; };
		1F381DD317E60AD900427799 /* DemoSlideViewController.h */ = {isa = PBXFileReference; fileEncoding = 4; lastKnownFileType = sourcecode.c.h; path = DemoSlideViewController.h; sourceTree = "<group>"; };
		1F381DD417E60AD900427799 /* DemoSlideViewController.m */ = {isa = PBXFileReference; fileEncoding = 4; lastKnownFileType = sourcecode.c.objc; path = DemoSlideViewController.m; sourceTree = "<group>"; };
		1F381DD517E60AD900427799 /* DemoSlideViewController.xib */ = {isa = PBXFileReference; fileEncoding = 4; lastKnownFileType = file.xib; path = DemoSlideViewController.xib; sourceTree = "<group>"; };
		1F9682FD17E4046A00C5EAB9 /* KSFrameworkDemo.app */ = {isa = PBXFileReference; explicitFileType = wrapper.application; includeInIndex = 0; path = KSFrameworkDemo.app; sourceTree = BUILT_PRODUCTS_DIR; };
		1F96830017E4046A00C5EAB9 /* UIKit.framework */ = {isa = PBXFileReference; lastKnownFileType = wrapper.framework; name = UIKit.framework; path = System/Library/Frameworks/UIKit.framework; sourceTree = SDKROOT; };
		1F96830217E4046A00C5EAB9 /* Foundation.framework */ = {isa = PBXFileReference; lastKnownFileType = wrapper.framework; name = Foundation.framework; path = System/Library/Frameworks/Foundation.framework; sourceTree = SDKROOT; };
		1F96830417E4046A00C5EAB9 /* CoreGraphics.framework */ = {isa = PBXFileReference; lastKnownFileType = wrapper.framework; name = CoreGraphics.framework; path = System/Library/Frameworks/CoreGraphics.framework; sourceTree = SDKROOT; };
		1F96830817E4046A00C5EAB9 /* KSFrameworkDemo-Info.plist */ = {isa = PBXFileReference; lastKnownFileType = text.plist.xml; path = "KSFrameworkDemo-Info.plist"; sourceTree = "<group>"; };
		1F96830A17E4046A00C5EAB9 /* en */ = {isa = PBXFileReference; lastKnownFileType = text.plist.strings; name = en; path = en.lproj/InfoPlist.strings; sourceTree = "<group>"; };
		1F96830C17E4046A00C5EAB9 /* main.m */ = {isa = PBXFileReference; lastKnownFileType = sourcecode.c.objc; path = main.m; sourceTree = "<group>"; };
		1F96830E17E4046A00C5EAB9 /* KSFrameworkDemo-Prefix.pch */ = {isa = PBXFileReference; lastKnownFileType = sourcecode.c.h; path = "KSFrameworkDemo-Prefix.pch"; sourceTree = "<group>"; };
		1F96830F17E4046A00C5EAB9 /* KSAppDelegate.h */ = {isa = PBXFileReference; lastKnownFileType = sourcecode.c.h; path = KSAppDelegate.h; sourceTree = "<group>"; };
		1F96831017E4046A00C5EAB9 /* KSAppDelegate.m */ = {isa = PBXFileReference; lastKnownFileType = sourcecode.c.objc; path = KSAppDelegate.m; sourceTree = "<group>"; };
/* End PBXFileReference section */

/* Begin PBXFrameworksBuildPhase section */
		1F9682FA17E4046A00C5EAB9 /* Frameworks */ = {
			isa = PBXFrameworksBuildPhase;
			buildActionMask = 2147483647;
			files = (
				1F381DB117E412EC00427799 /* Accelerate.framework in Frameworks */,
				1F381DAF17E412E800427799 /* QuartzCore.framework in Frameworks */,
				1F96830117E4046A00C5EAB9 /* UIKit.framework in Frameworks */,
				1F96830317E4046A00C5EAB9 /* Foundation.framework in Frameworks */,
				1F96830517E4046A00C5EAB9 /* CoreGraphics.framework in Frameworks */,
			);
			runOnlyForDeploymentPostprocessing = 0;
		};
/* End PBXFrameworksBuildPhase section */

/* Begin PBXGroup section */
		1F381DA017E4054800427799 /* KSSlideController */ = {
			isa = PBXGroup;
			children = (
				1F381DA717E4084400427799 /* KSSlideController.h */,
				1F381DA817E4084400427799 /* KSSlideController.m */,
			);
			name = KSSlideController;
			sourceTree = "<group>";
		};
		1F381DAA17E40E7000427799 /* KSShadow */ = {
			isa = PBXGroup;
			children = (
				1F381DAB17E40F0000427799 /* KSViewShadow.h */,
				1F381DAC17E40F0000427799 /* KSViewShadow.m */,
			);
			name = KSShadow;
			sourceTree = "<group>";
		};
		1F381DB217E413A000427799 /* KSImageAdditions */ = {
			isa = PBXGroup;
			children = (
				1F381DB917E4168500427799 /* KSImageAdditions.h */,
				1F381DBA17E4168500427799 /* KSImageAdditions.m */,
			);
			name = KSImageAdditions;
			sourceTree = "<group>";
		};
		1F381DBC17E41D2600427799 /* KSInactiveImageView */ = {
			isa = PBXGroup;
			children = (
				1F381DBD17E41D7800427799 /* KSInactiveImageView.h */,
				1F381DBE17E41D7800427799 /* KSInactiveImageView.m */,
			);
			name = KSInactiveImageView;
			sourceTree = "<group>";
		};
		1F9682F417E4046A00C5EAB9 = {
			isa = PBXGroup;
			children = (
				1F381DBC17E41D2600427799 /* KSInactiveImageView */,
				1F381DB217E413A000427799 /* KSImageAdditions */,
				1F381DAA17E40E7000427799 /* KSShadow */,
				1F381DA017E4054800427799 /* KSSlideController */,
				1F96830617E4046A00C5EAB9 /* KSFrameworkDemo */,
				1F9682FF17E4046A00C5EAB9 /* Frameworks */,
				1F9682FE17E4046A00C5EAB9 /* Products */,
			);
			sourceTree = "<group>";
		};
		1F9682FE17E4046A00C5EAB9 /* Products */ = {
			isa = PBXGroup;
			children = (
				1F9682FD17E4046A00C5EAB9 /* KSFrameworkDemo.app */,
			);
			name = Products;
			sourceTree = "<group>";
		};
		1F9682FF17E4046A00C5EAB9 /* Frameworks */ = {
			isa = PBXGroup;
			children = (
				1F381DB017E412EC00427799 /* Accelerate.framework */,
				1F381DAE17E412E800427799 /* QuartzCore.framework */,
				1F96830017E4046A00C5EAB9 /* UIKit.framework */,
				1F96830217E4046A00C5EAB9 /* Foundation.framework */,
				1F96830417E4046A00C5EAB9 /* CoreGraphics.framework */,
			);
			name = Frameworks;
			sourceTree = "<group>";
		};
		1F96830617E4046A00C5EAB9 /* KSFrameworkDemo */ = {
			isa = PBXGroup;
			children = (
				1F96830F17E4046A00C5EAB9 /* KSAppDelegate.h */,
				1F96831017E4046A00C5EAB9 /* KSAppDelegate.m */,
				1F381DD317E60AD900427799 /* DemoSlideViewController.h */,
				1F381DD417E60AD900427799 /* DemoSlideViewController.m */,
				1F381DD517E60AD900427799 /* DemoSlideViewController.xib */,
				1F381DC017E4435C00427799 /* SideMenuViewController.h */,
				1F381DC117E4435C00427799 /* SideMenuViewController.m */,
				1F96830717E4046A00C5EAB9 /* Supporting Files */,
			);
			path = KSFrameworkDemo;
			sourceTree = "<group>";
		};
		1F96830717E4046A00C5EAB9 /* Supporting Files */ = {
			isa = PBXGroup;
			children = (
				1F381DC917E445E900427799 /* back-arrow.png */,
				1F381DCA17E445E900427799 /* back-arrow@2x.png */,
				1F381DCB17E445E900427799 /* Default-568h@2x.png */,
				1F381DCC17E445E900427799 /* menu-icon.png */,
				1F381DCD17E445E900427799 /* menu-icon@2x.png */,
				1F96830817E4046A00C5EAB9 /* KSFrameworkDemo-Info.plist */,
				1F96830917E4046A00C5EAB9 /* InfoPlist.strings */,
				1F96830C17E4046A00C5EAB9 /* main.m */,
				1F96830E17E4046A00C5EAB9 /* KSFrameworkDemo-Prefix.pch */,
			);
			name = "Supporting Files";
			sourceTree = "<group>";
		};
/* End PBXGroup section */

/* Begin PBXNativeTarget section */
		1F9682FC17E4046A00C5EAB9 /* KSFrameworkDemo */ = {
			isa = PBXNativeTarget;
			buildConfigurationList = 1F96831A17E4046A00C5EAB9 /* Build configuration list for PBXNativeTarget "KSFrameworkDemo" */;
			buildPhases = (
				1F9682F917E4046A00C5EAB9 /* Sources */,
				1F9682FA17E4046A00C5EAB9 /* Frameworks */,
				1F9682FB17E4046A00C5EAB9 /* Resources */,
			);
			buildRules = (
			);
			dependencies = (
			);
			name = KSFrameworkDemo;
			productName = KSFrameworkDemo;
			productReference = 1F9682FD17E4046A00C5EAB9 /* KSFrameworkDemo.app */;
			productType = "com.apple.product-type.application";
		};
/* End PBXNativeTarget section */

/* Begin PBXProject section */
		1F9682F517E4046A00C5EAB9 /* Project object */ = {
			isa = PBXProject;
			attributes = {
				CLASSPREFIX = KS;
				LastUpgradeCheck = 0460;
				ORGANIZATIONNAME = "Kickstand Apps";
			};
			buildConfigurationList = 1F9682F817E4046A00C5EAB9 /* Build configuration list for PBXProject "KSFrameworkDemo" */;
			compatibilityVersion = "Xcode 3.2";
			developmentRegion = English;
			hasScannedForEncodings = 0;
			knownRegions = (
				en,
			);
			mainGroup = 1F9682F417E4046A00C5EAB9;
			productRefGroup = 1F9682FE17E4046A00C5EAB9 /* Products */;
			projectDirPath = "";
			projectRoot = "";
			targets = (
				1F9682FC17E4046A00C5EAB9 /* KSFrameworkDemo */,
			);
		};
/* End PBXProject section */

/* Begin PBXResourcesBuildPhase section */
		1F9682FB17E4046A00C5EAB9 /* Resources */ = {
			isa = PBXResourcesBuildPhase;
			buildActionMask = 2147483647;
			files = (
				1F96830B17E4046A00C5EAB9 /* InfoPlist.strings in Resources */,
				1F381DCE17E445E900427799 /* back-arrow.png in Resources */,
				1F381DCF17E445E900427799 /* back-arrow@2x.png in Resources */,
				1F381DD017E445E900427799 /* Default-568h@2x.png in Resources */,
				1F381DD117E445E900427799 /* menu-icon.png in Resources */,
				1F381DD217E445E900427799 /* menu-icon@2x.png in Resources */,
				1F381DD717E60ADA00427799 /* DemoSlideViewController.xib in Resources */,
			);
			runOnlyForDeploymentPostprocessing = 0;
		};
/* End PBXResourcesBuildPhase section */

/* Begin PBXSourcesBuildPhase section */
		1F9682F917E4046A00C5EAB9 /* Sources */ = {
			isa = PBXSourcesBuildPhase;
			buildActionMask = 2147483647;
			files = (
				1F381DC417E4448B00427799 /* SideMenuViewController.m in Sources */,
				1F96830D17E4046A00C5EAB9 /* main.m in Sources */,
				1F96831117E4046A00C5EAB9 /* KSAppDelegate.m in Sources */,
				1F381DA917E4084400427799 /* KSSlideController.m in Sources */,
				1F381DAD17E40F0000427799 /* KSViewShadow.m in Sources */,
				1F381DBB17E4168500427799 /* KSImageAdditions.m in Sources */,
				1F381DBF17E41D7800427799 /* KSInactiveImageView.m in Sources */,
				1F381DD617E60ADA00427799 /* DemoSlideViewController.m in Sources */,
			);
			runOnlyForDeploymentPostprocessing = 0;
		};
/* End PBXSourcesBuildPhase section */

/* Begin PBXVariantGroup section */
		1F96830917E4046A00C5EAB9 /* InfoPlist.strings */ = {
			isa = PBXVariantGroup;
			children = (
				1F96830A17E4046A00C5EAB9 /* en */,
			);
			name = InfoPlist.strings;
			sourceTree = "<group>";
		};
/* End PBXVariantGroup section */

/* Begin XCBuildConfiguration section */
		1F96831817E4046A00C5EAB9 /* Debug */ = {
			isa = XCBuildConfiguration;
			buildSettings = {
				ALWAYS_SEARCH_USER_PATHS = NO;
				CLANG_CXX_LANGUAGE_STANDARD = "gnu++0x";
				CLANG_CXX_LIBRARY = "libc++";
				CLANG_ENABLE_OBJC_ARC = YES;
				CLANG_WARN_CONSTANT_CONVERSION = YES;
				CLANG_WARN_EMPTY_BODY = YES;
				CLANG_WARN_ENUM_CONVERSION = YES;
				CLANG_WARN_INT_CONVERSION = YES;
				CLANG_WARN__DUPLICATE_METHOD_MATCH = YES;
				"CODE_SIGN_IDENTITY[sdk=iphoneos*]" = "iPhone Developer";
				COPY_PHASE_STRIP = NO;
				GCC_C_LANGUAGE_STANDARD = gnu99;
				GCC_DYNAMIC_NO_PIC = NO;
				GCC_OPTIMIZATION_LEVEL = 0;
				GCC_PREPROCESSOR_DEFINITIONS = (
					"DEBUG=1",
					"$(inherited)",
				);
				GCC_SYMBOLS_PRIVATE_EXTERN = NO;
				GCC_WARN_ABOUT_RETURN_TYPE = YES;
				GCC_WARN_UNINITIALIZED_AUTOS = YES;
				GCC_WARN_UNUSED_VARIABLE = YES;
				IPHONEOS_DEPLOYMENT_TARGET = 6.1;
				ONLY_ACTIVE_ARCH = YES;
				SDKROOT = iphoneos;
				TARGETED_DEVICE_FAMILY = "1,2";
			};
			name = Debug;
		};
		1F96831917E4046A00C5EAB9 /* Release */ = {
			isa = XCBuildConfiguration;
			buildSettings = {
				ALWAYS_SEARCH_USER_PATHS = NO;
				CLANG_CXX_LANGUAGE_STANDARD = "gnu++0x";
				CLANG_CXX_LIBRARY = "libc++";
				CLANG_ENABLE_OBJC_ARC = YES;
				CLANG_WARN_CONSTANT_CONVERSION = YES;
				CLANG_WARN_EMPTY_BODY = YES;
				CLANG_WARN_ENUM_CONVERSION = YES;
				CLANG_WARN_INT_CONVERSION = YES;
				CLANG_WARN__DUPLICATE_METHOD_MATCH = YES;
				"CODE_SIGN_IDENTITY[sdk=iphoneos*]" = "iPhone Developer";
				COPY_PHASE_STRIP = YES;
				GCC_C_LANGUAGE_STANDARD = gnu99;
				GCC_WARN_ABOUT_RETURN_TYPE = YES;
				GCC_WARN_UNINITIALIZED_AUTOS = YES;
				GCC_WARN_UNUSED_VARIABLE = YES;
				IPHONEOS_DEPLOYMENT_TARGET = 6.1;
				OTHER_CFLAGS = "-DNS_BLOCK_ASSERTIONS=1";
				SDKROOT = iphoneos;
				TARGETED_DEVICE_FAMILY = "1,2";
				VALIDATE_PRODUCT = YES;
			};
			name = Release;
		};
		1F96831B17E4046A00C5EAB9 /* Debug */ = {
			isa = XCBuildConfiguration;
			buildSettings = {
				CODE_SIGN_IDENTITY = "iPhone Developer: Travis Zehren (Y9P9L9R7TP)";
				GCC_PRECOMPILE_PREFIX_HEADER = YES;
				GCC_PREFIX_HEADER = "KSFrameworkDemo/KSFrameworkDemo-Prefix.pch";
				INFOPLIST_FILE = "KSFrameworkDemo/KSFrameworkDemo-Info.plist";
				IPHONEOS_DEPLOYMENT_TARGET = 6.0;
				PRODUCT_NAME = "$(TARGET_NAME)";
				WRAPPER_EXTENSION = app;
			};
			name = Debug;
		};
		1F96831C17E4046A00C5EAB9 /* Release */ = {
			isa = XCBuildConfiguration;
			buildSettings = {
				CODE_SIGN_IDENTITY = "iPhone Developer: Travis Zehren (Y9P9L9R7TP)";
				GCC_PRECOMPILE_PREFIX_HEADER = YES;
				GCC_PREFIX_HEADER = "KSFrameworkDemo/KSFrameworkDemo-Prefix.pch";
				INFOPLIST_FILE = "KSFrameworkDemo/KSFrameworkDemo-Info.plist";
				IPHONEOS_DEPLOYMENT_TARGET = 6.0;
				PRODUCT_NAME = "$(TARGET_NAME)";
				WRAPPER_EXTENSION = app;
			};
			name = Release;
		};
/* End XCBuildConfiguration section */

/* Begin XCConfigurationList section */
		1F9682F817E4046A00C5EAB9 /* Build configuration list for PBXProject "KSFrameworkDemo" */ = {
			isa = XCConfigurationList;
			buildConfigurations = (
				1F96831817E4046A00C5EAB9 /* Debug */,
				1F96831917E4046A00C5EAB9 /* Release */,
			);
			defaultConfigurationIsVisible = 0;
			defaultConfigurationName = Release;
		};
		1F96831A17E4046A00C5EAB9 /* Build configuration list for PBXNativeTarget "KSFrameworkDemo" */ = {
			isa = XCConfigurationList;
			buildConfigurations = (
				1F96831B17E4046A00C5EAB9 /* Debug */,
				1F96831C17E4046A00C5EAB9 /* Release */,
			);
			defaultConfigurationIsVisible = 0;
			defaultConfigurationName = Release;
		};
/* End XCConfigurationList section */
	};
	rootObject = 1F9682F517E4046A00C5EAB9 /* Project object */;
}
